// !$*UTF8*$!
{
	archiveVersion = 1;
	classes = {
	};
	objectVersion = 50;
	objects = {

/* Begin PBXBuildFile section */
		91D0FB99BAE15FCA3F649C84 /* Pods_SimpleRxSwift.framework in Frameworks */ = {isa = PBXBuildFile; fileRef = 053C4B7737C07CD1096EA65B /* Pods_SimpleRxSwift.framework */; };
		986DAA53228D449600E46965 /* AppDelegate.swift in Sources */ = {isa = PBXBuildFile; fileRef = 986DAA52228D449600E46965 /* AppDelegate.swift */; };
		986DAA55228D449600E46965 /* ViewController.swift in Sources */ = {isa = PBXBuildFile; fileRef = 986DAA54228D449600E46965 /* ViewController.swift */; };
		986DAA58228D449600E46965 /* Main.storyboard in Resources */ = {isa = PBXBuildFile; fileRef = 986DAA56228D449600E46965 /* Main.storyboard */; };
		986DAA5A228D449A00E46965 /* Assets.xcassets in Resources */ = {isa = PBXBuildFile; fileRef = 986DAA59228D449A00E46965 /* Assets.xcassets */; };
		986DAA5D228D449A00E46965 /* LaunchScreen.storyboard in Resources */ = {isa = PBXBuildFile; fileRef = 986DAA5B228D449A00E46965 /* LaunchScreen.storyboard */; };
		986DAA65228D469B00E46965 /* FormVC.swift in Sources */ = {isa = PBXBuildFile; fileRef = 986DAA64228D469B00E46965 /* FormVC.swift */; };
/* End PBXBuildFile section */

/* Begin PBXFileReference section */
		053C4B7737C07CD1096EA65B /* Pods_SimpleRxSwift.framework */ = {isa = PBXFileReference; explicitFileType = wrapper.framework; includeInIndex = 0; path = Pods_SimpleRxSwift.framework; sourceTree = BUILT_PRODUCTS_DIR; };
		57DC181B522C362F7FF9244E /* Pods-SimpleRxSwift.debug.xcconfig */ = {isa = PBXFileReference; includeInIndex = 1; lastKnownFileType = text.xcconfig; name = "Pods-SimpleRxSwift.debug.xcconfig"; path = "Target Support Files/Pods-SimpleRxSwift/Pods-SimpleRxSwift.debug.xcconfig"; sourceTree = "<group>"; };
		77656DE040B3C81CFB548663 /* Pods-SimpleRxSwift.release.xcconfig */ = {isa = PBXFileReference; includeInIndex = 1; lastKnownFileType = text.xcconfig; name = "Pods-SimpleRxSwift.release.xcconfig"; path = "Target Support Files/Pods-SimpleRxSwift/Pods-SimpleRxSwift.release.xcconfig"; sourceTree = "<group>"; };
		986DAA4F228D449600E46965 /* SimpleRxSwift.app */ = {isa = PBXFileReference; explicitFileType = wrapper.application; includeInIndex = 0; path = SimpleRxSwift.app; sourceTree = BUILT_PRODUCTS_DIR; };
		986DAA52228D449600E46965 /* AppDelegate.swift */ = {isa = PBXFileReference; lastKnownFileType = sourcecode.swift; path = AppDelegate.swift; sourceTree = "<group>"; };
		986DAA54228D449600E46965 /* ViewController.swift */ = {isa = PBXFileReference; lastKnownFileType = sourcecode.swift; path = ViewController.swift; sourceTree = "<group>"; };
		986DAA57228D449600E46965 /* Base */ = {isa = PBXFileReference; lastKnownFileType = file.storyboard; name = Base; path = Base.lproj/Main.storyboard; sourceTree = "<group>"; };
		986DAA59228D449A00E46965 /* Assets.xcassets */ = {isa = PBXFileReference; lastKnownFileType = folder.assetcatalog; path = Assets.xcassets; sourceTree = "<group>"; };
		986DAA5C228D449A00E46965 /* Base */ = {isa = PBXFileReference; lastKnownFileType = file.storyboard; name = Base; path = Base.lproj/LaunchScreen.storyboard; sourceTree = "<group>"; };
		986DAA5E228D449A00E46965 /* Info.plist */ = {isa = PBXFileReference; lastKnownFileType = text.plist.xml; path = Info.plist; sourceTree = "<group>"; };
		986DAA64228D469B00E46965 /* FormVC.swift */ = {isa = PBXFileReference; lastKnownFileType = sourcecode.swift; path = FormVC.swift; sourceTree = "<group>"; };
/* End PBXFileReference section */

/* Begin PBXFrameworksBuildPhase section */
		986DAA4C228D449500E46965 /* Frameworks */ = {
			isa = PBXFrameworksBuildPhase;
			buildActionMask = 2147483647;
			files = (
				91D0FB99BAE15FCA3F649C84 /* Pods_SimpleRxSwift.framework in Frameworks */,
			);
			runOnlyForDeploymentPostprocessing = 0;
		};
/* End PBXFrameworksBuildPhase section */

/* Begin PBXGroup section */
		0BB001E9C5F09DE467D00804 /* Frameworks */ = {
			isa = PBXGroup;
			children = (
				053C4B7737C07CD1096EA65B /* Pods_SimpleRxSwift.framework */,
			);
			name = Frameworks;
			sourceTree = "<group>";
		};
		51CE2BCF9120A8FBEA85A75F /* Pods */ = {
			isa = PBXGroup;
			children = (
				57DC181B522C362F7FF9244E /* Pods-SimpleRxSwift.debug.xcconfig */,
				77656DE040B3C81CFB548663 /* Pods-SimpleRxSwift.release.xcconfig */,
			);
			path = Pods;
			sourceTree = "<group>";
		};
		986DAA46228D449500E46965 = {
			isa = PBXGroup;
			children = (
				986DAA51228D449600E46965 /* SimpleRxSwift */,
				986DAA50228D449600E46965 /* Products */,
				51CE2BCF9120A8FBEA85A75F /* Pods */,
				0BB001E9C5F09DE467D00804 /* Frameworks */,
			);
			sourceTree = "<group>";
		};
		986DAA50228D449600E46965 /* Products */ = {
			isa = PBXGroup;
			children = (
				986DAA4F228D449600E46965 /* SimpleRxSwift.app */,
			);
			name = Products;
			sourceTree = "<group>";
		};
		986DAA51228D449600E46965 /* SimpleRxSwift */ = {
			isa = PBXGroup;
			children = (
				986DAA52228D449600E46965 /* AppDelegate.swift */,
				986DAA54228D449600E46965 /* ViewController.swift */,
				986DAA56228D449600E46965 /* Main.storyboard */,
				986DAA59228D449A00E46965 /* Assets.xcassets */,
				986DAA5B228D449A00E46965 /* LaunchScreen.storyboard */,
				986DAA5E228D449A00E46965 /* Info.plist */,
				986DAA64228D469B00E46965 /* FormVC.swift */,
			);
			path = SimpleRxSwift;
			sourceTree = "<group>";
		};
/* End PBXGroup section */

/* Begin PBXNativeTarget section */
		986DAA4E228D449500E46965 /* SimpleRxSwift */ = {
			isa = PBXNativeTarget;
			buildConfigurationList = 986DAA61228D449A00E46965 /* Build configuration list for PBXNativeTarget "SimpleRxSwift" */;
			buildPhases = (
				4D9CD9DE90B3D3B800FAB54B /* [CP] Check Pods Manifest.lock */,
				986DAA4B228D449500E46965 /* Sources */,
				986DAA4C228D449500E46965 /* Frameworks */,
				986DAA4D228D449500E46965 /* Resources */,
				DA4216CD110F87AF5D4B7AA7 /* [CP] Embed Pods Frameworks */,
			);
			buildRules = (
			);
			dependencies = (
			);
			name = SimpleRxSwift;
			productName = SimpleRxSwift;
			productReference = 986DAA4F228D449600E46965 /* SimpleRxSwift.app */;
			productType = "com.apple.product-type.application";
		};
/* End PBXNativeTarget section */

/* Begin PBXProject section */
		986DAA47228D449500E46965 /* Project object */ = {
			isa = PBXProject;
			attributes = {
				LastSwiftUpdateCheck = 1010;
				LastUpgradeCheck = 1010;
				ORGANIZATIONNAME = "Mendhy Syiasko";
				TargetAttributes = {
					986DAA4E228D449500E46965 = {
						CreatedOnToolsVersion = 10.1;
					};
				};
			};
			buildConfigurationList = 986DAA4A228D449500E46965 /* Build configuration list for PBXProject "SimpleRxSwift" */;
			compatibilityVersion = "Xcode 9.3";
			developmentRegion = en;
			hasScannedForEncodings = 0;
			knownRegions = (
				en,
				Base,
			);
			mainGroup = 986DAA46228D449500E46965;
			productRefGroup = 986DAA50228D449600E46965 /* Products */;
			projectDirPath = "";
			projectRoot = "";
			targets = (
				986DAA4E228D449500E46965 /* SimpleRxSwift */,
			);
		};
/* End PBXProject section */

/* Begin PBXResourcesBuildPhase section */
		986DAA4D228D449500E46965 /* Resources */ = {
			isa = PBXResourcesBuildPhase;
			buildActionMask = 2147483647;
			files = (
				986DAA5D228D449A00E46965 /* LaunchScreen.storyboard in Resources */,
				986DAA5A228D449A00E46965 /* Assets.xcassets in Resources */,
				986DAA58228D449600E46965 /* Main.storyboard in Resources */,
			);
			runOnlyForDeploymentPostprocessing = 0;
		};
/* End PBXResourcesBuildPhase section */

/* Begin PBXShellScriptBuildPhase section */
		4D9CD9DE90B3D3B800FAB54B /* [CP] Check Pods Manifest.lock */ = {
			isa = PBXShellScriptBuildPhase;
			buildActionMask = 2147483647;
			files = (
			);
			inputFileListPaths = (
			);
			inputPaths = (
				"${PODS_PODFILE_DIR_PATH}/Podfile.lock",
				"${PODS_ROOT}/Manifest.lock",
			);
			name = "[CP] Check Pods Manifest.lock";
			outputFileListPaths = (
			);
			outputPaths = (
				"$(DERIVED_FILE_DIR)/Pods-SimpleRxSwift-checkManifestLockResult.txt",
			);
			runOnlyForDeploymentPostprocessing = 0;
			shellPath = /bin/sh;
			shellScript = "diff \"${PODS_PODFILE_DIR_PATH}/Podfile.lock\" \"${PODS_ROOT}/Manifest.lock\" > /dev/null\nif [ $? != 0 ] ; then\n    # print error to STDERR\n    echo \"error: The sandbox is not in sync with the Podfile.lock. Run 'pod install' or update your CocoaPods installation.\" >&2\n    exit 1\nfi\n# This output is used by Xcode 'outputs' to avoid re-running this script phase.\necho \"SUCCESS\" > \"${SCRIPT_OUTPUT_FILE_0}\"\n";
			showEnvVarsInLog = 0;
		};
		DA4216CD110F87AF5D4B7AA7 /* [CP] Embed Pods Frameworks */ = {
			isa = PBXShellScriptBuildPhase;
			buildActionMask = 2147483647;
			files = (
			);
			inputFileListPaths = (
			);
			inputPaths = (
				"${PODS_ROOT}/Target Support Files/Pods-SimpleRxSwift/Pods-SimpleRxSwift-frameworks.sh",
				"${BUILT_PRODUCTS_DIR}/RxSwift/RxSwift.framework",
			);
			name = "[CP] Embed Pods Frameworks";
			outputFileListPaths = (
			);
			outputPaths = (
				"${TARGET_BUILD_DIR}/${FRAMEWORKS_FOLDER_PATH}/RxSwift.framework",
			);
			runOnlyForDeploymentPostprocessing = 0;
			shellPath = /bin/sh;
			shellScript = "\"${PODS_ROOT}/Target Support Files/Pods-SimpleRxSwift/Pods-SimpleRxSwift-frameworks.sh\"\n";
			showEnvVarsInLog = 0;
		};
/* End PBXShellScriptBuildPhase section */

/* Begin PBXSourcesBuildPhase section */
		986DAA4B228D449500E46965 /* Sources */ = {
			isa = PBXSourcesBuildPhase;
			buildActionMask = 2147483647;
			files = (
				986DAA55228D449600E46965 /* ViewController.swift in Sources */,
				986DAA53228D449600E46965 /* AppDelegate.swift in Sources */,
				986DAA65228D469B00E46965 /* FormVC.swift in Sources */,
			);
			runOnlyForDeploymentPostprocessing = 0;
		};
/* End PBXSourcesBuildPhase section */

/* Begin PBXVariantGroup section */
		986DAA56228D449600E46965 /* Main.storyboard */ = {
			isa = PBXVariantGroup;
			children = (
				986DAA57228D449600E46965 /* Base */,
			);
			name = Main.storyboard;
			sourceTree = "<group>";
		};
		986DAA5B228D449A00E46965 /* LaunchScreen.storyboard */ = {
			isa = PBXVariantGroup;
			children = (
				986DAA5C228D449A00E46965 /* Base */,
			);
			name = LaunchScreen.storyboard;
			sourceTree = "<group>";
		};
/* End PBXVariantGroup section */

/* Begin XCBuildConfiguration section */
		986DAA5F228D449A00E46965 /* Debug */ = {
			isa = XCBuildConfiguration;
			buildSettings = {
				ALWAYS_SEARCH_USER_PATHS = NO;
				CLANG_ANALYZER_NONNULL = YES;
				CLANG_ANALYZER_NUMBER_OBJECT_CONVERSION = YES_AGGRESSIVE;
				CLANG_CXX_LANGUAGE_STANDARD = "gnu++14";
				CLANG_CXX_LIBRARY = "libc++";
				CLANG_ENABLE_MODULES = YES;
				CLANG_ENABLE_OBJC_ARC = YES;
				CLANG_ENABLE_OBJC_WEAK = YES;
				CLANG_WARN_BLOCK_CAPTURE_AUTORELEASING = YES;
				CLANG_WARN_BOOL_CONVERSION = YES;
				CLANG_WARN_COMMA = YES;
				CLANG_WARN_CONSTANT_CONVERSION = YES;
				CLANG_WARN_DEPRECATED_OBJC_IMPLEMENTATIONS = YES;
				CLANG_WARN_DIRECT_OBJC_ISA_USAGE = YES_ERROR;
				CLANG_WARN_DOCUMENTATION_COMMENTS = YES;
				CLANG_WARN_EMPTY_BODY = YES;
				CLANG_WARN_ENUM_CONVERSION = YES;
				CLANG_WARN_INFINITE_RECURSION = YES;
				CLANG_WARN_INT_CONVERSION = YES;
				CLANG_WARN_NON_LITERAL_NULL_CONVERSION = YES;
				CLANG_WARN_OBJC_IMPLICIT_RETAIN_SELF = YES;
				CLANG_WARN_OBJC_LITERAL_CONVERSION = YES;
				CLANG_WARN_OBJC_ROOT_CLASS = YES_ERROR;
				CLANG_WARN_RANGE_LOOP_ANALYSIS = YES;
				CLANG_WARN_STRICT_PROTOTYPES = YES;
				CLANG_WARN_SUSPICIOUS_MOVE = YES;
				CLANG_WARN_UNGUARDED_AVAILABILITY = YES_AGGRESSIVE;
				CLANG_WARN_UNREACHABLE_CODE = YES;
				CLANG_WARN__DUPLICATE_METHOD_MATCH = YES;
				CODE_SIGN_IDENTITY = "iPhone Developer";
				COPY_PHASE_STRIP = NO;
				DEBUG_INFORMATION_FORMAT = dwarf;
				ENABLE_STRICT_OBJC_MSGSEND = YES;
				ENABLE_TESTABILITY = YES;
				GCC_C_LANGUAGE_STANDARD = gnu11;
				GCC_DYNAMIC_NO_PIC = NO;
				GCC_NO_COMMON_BLOCKS = YES;
				GCC_OPTIMIZATION_LEVEL = 0;
				GCC_PREPROCESSOR_DEFINITIONS = (
					"DEBUG=1",
					"$(inherited)",
				);
				GCC_WARN_64_TO_32_BIT_CONVERSION = YES;
				GCC_WARN_ABOUT_RETURN_TYPE = YES_ERROR;
				GCC_WARN_UNDECLARED_SELECTOR = YES;
				GCC_WARN_UNINITIALIZED_AUTOS = YES_AGGRESSIVE;
				GCC_WARN_UNUSED_FUNCTION = YES;
				GCC_WARN_UNUSED_VARIABLE = YES;
				IPHONEOS_DEPLOYMENT_TARGET = 12.1;
				MTL_ENABLE_DEBUG_INFO = INCLUDE_SOURCE;
				MTL_FAST_MATH = YES;
				ONLY_ACTIVE_ARCH = YES;
				SDKROOT = iphoneos;
				SWIFT_ACTIVE_COMPILATION_CONDITIONS = DEBUG;
				SWIFT_OPTIMIZATION_LEVEL = "-Onone";
			};
			name = Debug;
		};
		986DAA60228D449A00E46965 /* Release */ = {
			isa = XCBuildConfiguration;
			buildSettings = {
				ALWAYS_SEARCH_USER_PATHS = NO;
				CLANG_ANALYZER_NONNULL = YES;
				CLANG_ANALYZER_NUMBER_OBJECT_CONVERSION = YES_AGGRESSIVE;
				CLANG_CXX_LANGUAGE_STANDARD = "gnu++14";
				CLANG_CXX_LIBRARY = "libc++";
				CLANG_ENABLE_MODULES = YES;
				CLANG_ENABLE_OBJC_ARC = YES;
				CLANG_ENABLE_OBJC_WEAK = YES;
				CLANG_WARN_BLOCK_CAPTURE_AUTORELEASING = YES;
				CLANG_WARN_BOOL_CONVERSION = YES;
				CLANG_WARN_COMMA = YES;
				CLANG_WARN_CONSTANT_CONVERSION = YES;
				CLANG_WARN_DEPRECATED_OBJC_IMPLEMENTATIONS = YES;
				CLANG_WARN_DIRECT_OBJC_ISA_USAGE = YES_ERROR;
				CLANG_WARN_DOCUMENTATION_COMMENTS = YES;
				CLANG_WARN_EMPTY_BODY = YES;
				CLANG_WARN_ENUM_CONVERSION = YES;
				CLANG_WARN_INFINITE_RECURSION = YES;
				CLANG_WARN_INT_CONVERSION = YES;
				CLANG_WARN_NON_LITERAL_NULL_CONVERSION = YES;
				CLANG_WARN_OBJC_IMPLICIT_RETAIN_SELF = YES;
				CLANG_WARN_OBJC_LITERAL_CONVERSION = YES;
				CLANG_WARN_OBJC_ROOT_CLASS = YES_ERROR;
				CLANG_WARN_RANGE_LOOP_ANALYSIS = YES;
				CLANG_WARN_STRICT_PROTOTYPES = YES;
				CLANG_WARN_SUSPICIOUS_MOVE = YES;
				CLANG_WARN_UNGUARDED_AVAILABILITY = YES_AGGRESSIVE;
				CLANG_WARN_UNREACHABLE_CODE = YES;
				CLANG_WARN__DUPLICATE_METHOD_MATCH = YES;
				CODE_SIGN_IDENTITY = "iPhone Developer";
				COPY_PHASE_STRIP = NO;
				DEBUG_INFORMATION_FORMAT = "dwarf-with-dsym";
				ENABLE_NS_ASSERTIONS = NO;
				ENABLE_STRICT_OBJC_MSGSEND = YES;
				GCC_C_LANGUAGE_STANDARD = gnu11;
				GCC_NO_COMMON_BLOCKS = YES;
				GCC_WARN_64_TO_32_BIT_CONVERSION = YES;
				GCC_WARN_ABOUT_RETURN_TYPE = YES_ERROR;
				GCC_WARN_UNDECLARED_SELECTOR = YES;
				GCC_WARN_UNINITIALIZED_AUTOS = YES_AGGRESSIVE;
				GCC_WARN_UNUSED_FUNCTION = YES;
				GCC_WARN_UNUSED_VARIABLE = YES;
				IPHONEOS_DEPLOYMENT_TARGET = 12.1;
				MTL_ENABLE_DEBUG_INFO = NO;
				MTL_FAST_MATH = YES;
				SDKROOT = iphoneos;
				SWIFT_COMPILATION_MODE = wholemodule;
				SWIFT_OPTIMIZATION_LEVEL = "-O";
				VALIDATE_PRODUCT = YES;
			};
			name = Release;
		};
		986DAA62228D449A00E46965 /* Debug */ = {
			isa = XCBuildConfiguration;
			baseConfigurationReference = 57DC181B522C362F7FF9244E /* Pods-SimpleRxSwift.debug.xcconfig */;
			buildSettings = {
				ASSETCATALOG_COMPILER_APPICON_NAME = AppIcon;
				CODE_SIGN_STYLE = Automatic;
				DEVELOPMENT_TEAM = ZX66SV7CD6;
				INFOPLIST_FILE = SimpleRxSwift/Info.plist;
				LD_RUNPATH_SEARCH_PATHS = (
					"$(inherited)",
					"@executable_path/Frameworks",
				);
				PRODUCT_BUNDLE_IDENTIFIER = com.mydreamjet.SimpleRxSwift;
				PRODUCT_NAME = "$(TARGET_NAME)";
				SWIFT_VERSION = 4.2;
				TARGETED_DEVICE_FAMILY = "1,2";
			};
			name = Debug;
		};
		986DAA63228D449A00E46965 /* Release */ = {
			isa = XCBuildConfiguration;
			baseConfigurationReference = 77656DE040B3C81CFB548663 /* Pods-SimpleRxSwift.release.xcconfig */;
			buildSettings = {
				ASSETCATALOG_COMPILER_APPICON_NAME = AppIcon;
				CODE_SIGN_STYLE = Automatic;
				DEVELOPMENT_TEAM = ZX66SV7CD6;
				INFOPLIST_FILE = SimpleRxSwift/Info.plist;
				LD_RUNPATH_SEARCH_PATHS = (
					"$(inherited)",
					"@executable_path/Frameworks",
				);
				PRODUCT_BUNDLE_IDENTIFIER = com.mydreamjet.SimpleRxSwift;
				PRODUCT_NAME = "$(TARGET_NAME)";
				SWIFT_VERSION = 4.2;
				TARGETED_DEVICE_FAMILY = "1,2";
			};
			name = Release;
		};
/* End XCBuildConfiguration section */

/* Begin XCConfigurationList section */
		986DAA4A228D449500E46965 /* Build configuration list for PBXProject "SimpleRxSwift" */ = {
			isa = XCConfigurationList;
			buildConfigurations = (
				986DAA5F228D449A00E46965 /* Debug */,
				986DAA60228D449A00E46965 /* Release */,
			);
			defaultConfigurationIsVisible = 0;
			defaultConfigurationName = Release;
		};
		986DAA61228D449A00E46965 /* Build configuration list for PBXNativeTarget "SimpleRxSwift" */ = {
			isa = XCConfigurationList;
			buildConfigurations = (
				986DAA62228D449A00E46965 /* Debug */,
				986DAA63228D449A00E46965 /* Release */,
			);
			defaultConfigurationIsVisible = 0;
			defaultConfigurationName = Release;
		};
/* End XCConfigurationList section */
	};
	rootObject = 986DAA47228D449500E46965 /* Project object */;
}
